
Microsoft Visual Studio Solution File, Format Version 12.00
# Visual Studio Version 16
VisualStudioVersion = 16.0.31019.35
MinimumVisualStudioVersion = 10.0.40219.1
Project("{FAE04EC0-301F-11D3-BF4B-00C04F79EFBC}") = "Lab5cz2", "Lab5cz2\Lab5cz2.csproj", "{4A51E8D8-9F81-4E9D-AD3D-5022DF7FB87A}"
EndProject
Global
	GlobalSection(SolutionConfigurationPlatforms) = preSolution
		Debug|Any CPU = Debug|Any CPU
		Release|Any CPU = Release|Any CPU
	EndGlobalSection
	GlobalSection(ProjectConfigurationPlatforms) = postSolution
		{4A51E8D8-9F81-4E9D-AD3D-5022DF7FB87A}.Debug|Any CPU.ActiveCfg = Debug|Any CPU
		{4A51E8D8-9F81-4E9D-AD3D-5022DF7FB87A}.Debug|Any CPU.Build.0 = Debug|Any CPU
		{4A51E8D8-9F81-4E9D-AD3D-5022DF7FB87A}.Release|Any CPU.ActiveCfg = Release|Any CPU
		{4A51E8D8-9F81-4E9D-AD3D-5022DF7FB87A}.Release|Any CPU.Build.0 = Release|Any CPU
	EndGlobalSection
	GlobalSection(SolutionProperties) = preSolution
		HideSolutionNode = FALSE
	EndGlobalSection
	GlobalSection(ExtensibilityGlobals) = postSolution
		SolutionGuid = {D25F3A15-BAD5-495F-A84F-8A028D6F31DF}
	EndGlobalSection
EndGlobal
